
Microsoft Visual Studio Solution File, Format Version 12.00
# Visual Studio 15
VisualStudioVersion = 15.0.28307.1433
MinimumVisualStudioVersion = 10.0.40219.1
Project("{8BC9CEB8-8B4A-11D0-8D11-00A0C91BC942}") = "q4", "q4\q4.vcxproj", "{ACD44357-BCDB-4547-B811-B09FFCA5E715}"
EndProject
Project("{8BC9CEB8-8B4A-11D0-8D11-00A0C91BC942}") = "q2", "q2\q2.vcxproj", "{6E5C9FF7-73A6-478D-AB2B-AB00394B9E85}"
EndProject
Global
	GlobalSection(SolutionConfigurationPlatforms) = preSolution
		Debug|x64 = Debug|x64
		Debug|x86 = Debug|x86
		Release|x64 = Release|x64
		Release|x86 = Release|x86
	EndGlobalSection
	GlobalSection(ProjectConfigurationPlatforms) = postSolution
		{ACD44357-BCDB-4547-B811-B09FFCA5E715}.Debug|x64.ActiveCfg = Debug|x64
		{ACD44357-BCDB-4547-B811-B09FFCA5E715}.Debug|x64.Build.0 = Debug|x64
		{ACD44357-BCDB-4547-B811-B09FFCA5E715}.Debug|x86.ActiveCfg = Debug|Win32
		{ACD44357-BCDB-4547-B811-B09FFCA5E715}.Debug|x86.Build.0 = Debug|Win32
		{ACD44357-BCDB-4547-B811-B09FFCA5E715}.Release|x64.ActiveCfg = Release|x64
		{ACD44357-BCDB-4547-B811-B09FFCA5E715}.Release|x64.Build.0 = Release|x64
		{ACD44357-BCDB-4547-B811-B09FFCA5E715}.Release|x86.ActiveCfg = Release|Win32
		{ACD44357-BCDB-4547-B811-B09FFCA5E715}.Release|x86.Build.0 = Release|Win32
		{6E5C9FF7-73A6-478D-AB2B-AB00394B9E85}.Debug|x64.ActiveCfg = Debug|x64
		{6E5C9FF7-73A6-478D-AB2B-AB00394B9E85}.Debug|x64.Build.0 = Debug|x64
		{6E5C9FF7-73A6-478D-AB2B-AB00394B9E85}.Debug|x86.ActiveCfg = Debug|Win32
		{6E5C9FF7-73A6-478D-AB2B-AB00394B9E85}.Debug|x86.Build.0 = Debug|Win32
		{6E5C9FF7-73A6-478D-AB2B-AB00394B9E85}.Release|x64.ActiveCfg = Release|x64
		{6E5C9FF7-73A6-478D-AB2B-AB00394B9E85}.Release|x64.Build.0 = Release|x64
		{6E5C9FF7-73A6-478D-AB2B-AB00394B9E85}.Release|x86.ActiveCfg = Release|Win32
		{6E5C9FF7-73A6-478D-AB2B-AB00394B9E85}.Release|x86.Build.0 = Release|Win32
	EndGlobalSection
	GlobalSection(SolutionProperties) = preSolution
		HideSolutionNode = FALSE
	EndGlobalSection
	GlobalSection(ExtensibilityGlobals) = postSolution
		SolutionGuid = {75E678B7-E0A8-4093-AD95-A07486664AF3}
	EndGlobalSection
EndGlobal
